{
	"name": "@zxteam/disposable",
	"version": "6.0.56",
	"lockfileVersion": 1,
	"requires": true,
	"dependencies": {
		"@types/node": {
			"version": "11.15.18",
			"resolved": "https://registry.npmjs.org/@types/node/-/node-11.15.18.tgz",
			"integrity": "sha512-3p2M6moxwdDFyPia2ROI8CCkRa9ZzYjvCys2TOE1xgwYDQmY49Cj0cvkdBkzh/rY9gkvzgzYOeECYtB4f0/fDA==",
			"dev": true
		},
		"@zxteam/cancellation": {
			"version": "6.0.62",
			"resolved": "https://registry.npmjs.org/@zxteam/cancellation/-/cancellation-6.0.62.tgz",
			"integrity": "sha512-B6z5OCj4G3+km4eOtdGecKh8KI/rkbY19oy2IjOLG4dC18OvdZCh9bknolx3ak2KHWOo6sx54UuRy8BwCcOoHQ==",
			"dev": true,
			"requires": {
				"@zxteam/contract": "^6.0.62",
				"@zxteam/errors": "^6.0.61"
			},
			"dependencies": {
				"@zxteam/contract": {
					"version": "6.0.62",
					"resolved": "https://registry.npmjs.org/@zxteam/contract/-/contract-6.0.62.tgz",
					"integrity": "sha512-y58bZOy8yI7/jK2OvTPBPZhGibY1lM8elkExifzKThR2FrqmPBfMWo/HH4I0HvXtPt1pdl/QSZ7tDvoxzwP8pw==",
					"dev": true
				}
			}
		},
		"@zxteam/contract": {
			"version": "6.0.56",
			"resolved": "https://registry.npmjs.org/@zxteam/contract/-/contract-6.0.56.tgz",
			"integrity": "sha512-/tAtkmROh7wKorwI65rct5zRVRqCdDEO3+p82wXm0kCMqxJYXyQPTUxBuEfLbyghDMFoYHBwoIEzrBz5jzHtvg=="
		},
		"@zxteam/errors": {
			"version": "6.0.62",
			"resolved": "https://registry.npmjs.org/@zxteam/errors/-/errors-6.0.62.tgz",
			"integrity": "sha512-IXHXWUwfHrXhqZYZPvNf0IM5BTGtf2XFqY/97tBblhYF0WDzzz07o1E40wfEsoNXKQ8Zsd13+LOV4VWdhv64Ng==",
			"dev": true,
			"requires": {
				"@zxteam/contract": "^6.0.60"
			},
			"dependencies": {
				"@zxteam/contract": {
					"version": "6.0.62",
					"resolved": "https://registry.npmjs.org/@zxteam/contract/-/contract-6.0.62.tgz",
					"integrity": "sha512-y58bZOy8yI7/jK2OvTPBPZhGibY1lM8elkExifzKThR2FrqmPBfMWo/HH4I0HvXtPt1pdl/QSZ7tDvoxzwP8pw==",
					"dev": true
				}
			}
		}
	}
}
